
Microsoft Visual Studio Solution File, Format Version 12.00
# Visual Studio 2013
VisualStudioVersion = 12.0.21005.1
MinimumVisualStudioVersion = 10.0.40219.1
Project("{8BC9CEB8-8B4A-11D0-8D11-00A0C91BC942}") = "Section_A", "Section_A.vcxproj", "{38124061-399F-48E7-BA54-8EBA4F2F0DF6}"
EndProject
Project("{8BC9CEB8-8B4A-11D0-8D11-00A0C91BC942}") = "chapter01", "chapter01\chapter01.vcxproj", "{927BD8D2-975A-45CC-A7FB-895D312EEC89}"
EndProject
Global
	GlobalSection(SolutionConfigurationPlatforms) = preSolution
		Debug|Win32 = Debug|Win32
		Release|Win32 = Release|Win32
	EndGlobalSection
	GlobalSection(ProjectConfigurationPlatforms) = postSolution
		{38124061-399F-48E7-BA54-8EBA4F2F0DF6}.Debug|Win32.ActiveCfg = Debug|Win32
		{38124061-399F-48E7-BA54-8EBA4F2F0DF6}.Debug|Win32.Build.0 = Debug|Win32
		{38124061-399F-48E7-BA54-8EBA4F2F0DF6}.Release|Win32.ActiveCfg = Release|Win32
		{38124061-399F-48E7-BA54-8EBA4F2F0DF6}.Release|Win32.Build.0 = Release|Win32
		{927BD8D2-975A-45CC-A7FB-895D312EEC89}.Debug|Win32.ActiveCfg = Debug|Win32
		{927BD8D2-975A-45CC-A7FB-895D312EEC89}.Debug|Win32.Build.0 = Debug|Win32
		{927BD8D2-975A-45CC-A7FB-895D312EEC89}.Release|Win32.ActiveCfg = Release|Win32
		{927BD8D2-975A-45CC-A7FB-895D312EEC89}.Release|Win32.Build.0 = Release|Win32
	EndGlobalSection
	GlobalSection(SolutionProperties) = preSolution
		HideSolutionNode = FALSE
	EndGlobalSection
EndGlobal
